{
  "name": "release-consumer",
  "lockfileVersion": 3,
  "requires": true,
  "packages": {
    "": {
      "name": "release-consumer",
      "dependencies": {
        "@polyspec/template": "file:polyspec-template-0.0.3.tgz",
        "@polyspec/template-language": "file:polyspec-template-language-0.0.3.tgz"
      }
    },
    "node_modules/@polyspec/template": {
      "version": "0.0.3",
      "resolved": "file:polyspec-template-0.0.3.tgz",
      "integrity": "sha512-KK9rUza5+kLwT7PujqV4KJMCc0Uo1OhRl8GJ88cN/m87NaiX4kCbwCQ4SsWA/QFXVeNZSO+zIxMVLUbDnAaIog==",
      "license": "MIT",
      "bin": {
        "template": "bin/template.mjs"
      },
      "engines": {
        "node": ">=26"
      }
    },
    "node_modules/@polyspec/template-language": {
      "version": "0.0.3",
      "resolved": "file:polyspec-template-language-0.0.3.tgz",
      "integrity": "sha512-edDr8ZNdReCov6vB81rsvVPPCzHFytnkyue2no0boLpCwRJulLE1ebHsPo1LfmJOD+YF4/kxOMufaYsg+HEn2Q==",
      "license": "MIT",
      "dependencies": {
        "@polyspec/template": "0.0.3"
      },
      "bin": {
        "template-fmt": "bin/template-fmt.mjs"
      },
      "engines": {
        "node": ">=26"
      }
    }
  }
}
