{
  "name": "release-consumer",
  "lockfileVersion": 3,
  "requires": true,
  "packages": {
    "": {
      "name": "release-consumer",
      "dependencies": {
        "@polyspec/template": "file:polyspec-template-npm-0.0.4.tgz",
        "@polyspec/template-codemirror": "file:polyspec-template-codemirror-npm-0.0.4.tgz",
        "@polyspec/template-compiler": "file:polyspec-template-compiler-npm-0.0.4.tgz",
        "@polyspec/template-language": "file:polyspec-template-language-npm-0.0.4.tgz",
        "@polyspec/template-lsp": "file:polyspec-template-lsp-npm-0.0.4.tgz"
      }
    },
    "node_modules/@codemirror/autocomplete": {
      "version": "6.20.3",
      "resolved": "https://registry.npmjs.org/@codemirror/autocomplete/-/autocomplete-6.20.3.tgz",
      "integrity": "sha512-tlosUqb+3BbxCxZdu4tKeRghPFC+QM7q4X5YhKV2eCmPG+1r2F3f4AaSz5sCrFqUtX4Jh20VFTKecl16MgiV9g==",
      "license": "MIT",
      "peer": true,
      "dependencies": {
        "@codemirror/language": "^6.0.0",
        "@codemirror/state": "^6.0.0",
        "@codemirror/view": "^6.17.0",
        "@lezer/common": "^1.0.0"
      }
    },
    "node_modules/@codemirror/commands": {
      "version": "6.11.1",
      "resolved": "https://registry.npmjs.org/@codemirror/commands/-/commands-6.11.1.tgz",
      "integrity": "sha512-O/4hG3SC1YwcmQ0d2UVNDs+AsaNWd1iHVxbTeEBuqH+6bExAiPK3iS/BvpY6rZGURALv4ZD3sIgcCmRvw3ehBg==",
      "license": "MIT",
      "peer": true,
      "dependencies": {
        "@codemirror/language": "^6.0.0",
        "@codemirror/state": "^6.7.0",
        "@codemirror/view": "^6.27.0",
        "@lezer/common": "^1.1.0"
      }
    },
    "node_modules/@codemirror/lang-css": {
      "version": "6.3.1",
      "resolved": "https://registry.npmjs.org/@codemirror/lang-css/-/lang-css-6.3.1.tgz",
      "integrity": "sha512-kr5fwBGiGtmz6l0LSJIbno9QrifNMUusivHbnA1H6Dmqy4HZFte3UAICix1VuKo0lMPKQr2rqB+0BkKi/S3Ejg==",
      "license": "MIT",
      "peer": true,
      "dependencies": {
        "@codemirror/autocomplete": "^6.0.0",
        "@codemirror/language": "^6.0.0",
        "@codemirror/state": "^6.0.0",
        "@lezer/common": "^1.0.2",
        "@lezer/css": "^1.1.7"
      }
    },
    "node_modules/@codemirror/lang-html": {
      "version": "6.4.12",
      "resolved": "https://registry.npmjs.org/@codemirror/lang-html/-/lang-html-6.4.12.tgz",
      "integrity": "sha512-pw2ReWKUqSkbvh76RAT4NYxiogRu+PWkR2ukAwO9uOgrm8uipkzjtKKtNpyeAQwHOqxEeSvAXZ6vr3AfyB9y/w==",
      "license": "MIT",
      "peer": true,
      "dependencies": {
        "@codemirror/autocomplete": "^6.0.0",
        "@codemirror/lang-css": "^6.0.0",
        "@codemirror/lang-javascript": "^6.0.0",
        "@codemirror/language": "^6.4.0",
        "@codemirror/state": "^6.0.0",
        "@codemirror/view": "^6.17.0",
        "@lezer/common": "^1.0.0",
        "@lezer/css": "^1.1.0",
        "@lezer/html": "^1.3.12"
      }
    },
    "node_modules/@codemirror/lang-javascript": {
      "version": "6.2.5",
      "resolved": "https://registry.npmjs.org/@codemirror/lang-javascript/-/lang-javascript-6.2.5.tgz",
      "integrity": "sha512-zD4e5mS+50htS7F+TYjBPsiIFGanfVqg4HyUz6WNFikgOPf2BgKlx+TQedI1w6n/IqRBVBbBWmGFdLB/7uxO4A==",
      "license": "MIT",
      "peer": true,
      "dependencies": {
        "@codemirror/autocomplete": "^6.0.0",
        "@codemirror/language": "^6.6.0",
        "@codemirror/lint": "^6.0.0",
        "@codemirror/state": "^6.0.0",
        "@codemirror/view": "^6.17.0",
        "@lezer/common": "^1.0.0",
        "@lezer/javascript": "^1.0.0"
      }
    },
    "node_modules/@codemirror/language": {
      "version": "6.13.1",
      "resolved": "https://registry.npmjs.org/@codemirror/language/-/language-6.13.1.tgz",
      "integrity": "sha512-zfvU2r3TyylQLMj/te+5CnQ0rSqZi8B1oTCBbQkagcLW4Xc6imab6qN+pEJhsuNOLaJqiRyBXp9UhWA1DhVvDw==",
      "license": "MIT",
      "peer": true,
      "dependencies": {
        "@codemirror/state": "^6.0.0",
        "@codemirror/streamparser": "^6.0.0",
        "@codemirror/view": "^6.23.0",
        "@lezer/common": "^1.5.0",
        "@lezer/highlight": "^1.0.0",
        "@lezer/lr": "^1.0.0",
        "style-mod": "^4.0.0"
      }
    },
    "node_modules/@codemirror/lint": {
      "version": "6.9.7",
      "resolved": "https://registry.npmjs.org/@codemirror/lint/-/lint-6.9.7.tgz",
      "integrity": "sha512-28/+iWLYxKxsvGYhSYL7zaCZqLz5+FFFDq9tVsvGv9kv8RY4fFAchJ5WX9M3YrrRlTIsECjsXPqeNgnSmNP2dg==",
      "license": "MIT",
      "peer": true,
      "dependencies": {
        "@codemirror/state": "^6.0.0",
        "@codemirror/view": "^6.42.0",
        "crelt": "^1.0.5"
      }
    },
    "node_modules/@codemirror/state": {
      "version": "6.7.6",
      "resolved": "https://registry.npmjs.org/@codemirror/state/-/state-6.7.6.tgz",
      "integrity": "sha512-kAz+AncRtKuIknedxT1bq4XwXv4UowhbkHU1myPrtVb/jZtImWuV5BXzv5vK6i3kYACsdiZiQKFQQ5Mq7elW8w==",
      "license": "MIT",
      "peer": true,
      "dependencies": {
        "@marijn/find-cluster-break": "^1.0.0"
      }
    },
    "node_modules/@codemirror/streamparser": {
      "version": "6.0.0",
      "resolved": "https://registry.npmjs.org/@codemirror/streamparser/-/streamparser-6.0.0.tgz",
      "integrity": "sha512-JTFPF6xrfjt0mnfGPgzcLiMwYmvIyNaoizp8BYzv8FE8KrT6GBGDZ190rtt+O7Wke3gG/MFHyiY9YGNeimof4w==",
      "license": "MIT",
      "peer": true
    },
    "node_modules/@codemirror/view": {
      "version": "6.43.14",
      "resolved": "https://registry.npmjs.org/@codemirror/view/-/view-6.43.14.tgz",
      "integrity": "sha512-hC45YnmJNR1rz42OF57BLoQNFMV12/13drnvibDsR2quNDmldcb4WvYVV81hFQg56i9lcqQMEDqilhX2QDcGQQ==",
      "license": "MIT",
      "peer": true,
      "dependencies": {
        "@codemirror/state": "^6.7.0",
        "crelt": "^1.0.6",
        "style-mod": "^4.1.0",
        "w3c-keyname": "^2.2.4"
      }
    },
    "node_modules/@lezer/common": {
      "version": "1.5.3",
      "resolved": "https://registry.npmjs.org/@lezer/common/-/common-1.5.3.tgz",
      "integrity": "sha512-H0iErY4e43LpXbYDyBci5W4v/RwTgGV3YzYOlJPiGZ8RY8w51kVE+xLn1tg3Z6UmSfyETvtsUK3r7YsgDQEI7Q==",
      "license": "MIT",
      "peer": true
    },
    "node_modules/@lezer/css": {
      "version": "1.3.9",
      "resolved": "https://registry.npmjs.org/@lezer/css/-/css-1.3.9.tgz",
      "integrity": "sha512-ZmzgvTOBdJWGIsY/ItAfN7UW8DV802oZG+jeG6E508SwEzz5YhuAajptpWPICvIyqYAD2+VjMdOS40GgGkyEOQ==",
      "license": "MIT",
      "peer": true,
      "dependencies": {
        "@lezer/common": "^1.2.0",
        "@lezer/highlight": "^1.0.0",
        "@lezer/lr": "^1.3.0"
      }
    },
    "node_modules/@lezer/highlight": {
      "version": "1.2.5",
      "resolved": "https://registry.npmjs.org/@lezer/highlight/-/highlight-1.2.5.tgz",
      "integrity": "sha512-O1GMVKgtf5YspFaRzpmqkVgMtIk2HG9uMAbH6wdAIdNh3TVzCsch/+cRi+6l2//UGDKe6NB9BW3cvuR5ezMQ0w==",
      "license": "MIT",
      "peer": true,
      "dependencies": {
        "@lezer/common": "^1.3.0"
      }
    },
    "node_modules/@lezer/html": {
      "version": "1.3.13",
      "resolved": "https://registry.npmjs.org/@lezer/html/-/html-1.3.13.tgz",
      "integrity": "sha512-oI7n6NJml729m7pjm9lvLvmXbdoMoi2f+1pwSDJkl9d68zGr7a9Btz8NdHTGQZtW2DA25ybeuv/SyDb9D5tseg==",
      "license": "MIT",
      "peer": true,
      "dependencies": {
        "@lezer/common": "^1.2.0",
        "@lezer/highlight": "^1.0.0",
        "@lezer/lr": "^1.0.0"
      }
    },
    "node_modules/@lezer/javascript": {
      "version": "1.5.6",
      "resolved": "https://registry.npmjs.org/@lezer/javascript/-/javascript-1.5.6.tgz",
      "integrity": "sha512-sEvOqpl4vJQca0NugSQK02vQPbc5KrvoojnYGoqqFgFO0MtcYhwGiHKVEB+LuXYJnfyXo4QPA8ztbrEa4Fw5NA==",
      "license": "MIT",
      "peer": true,
      "dependencies": {
        "@lezer/common": "^1.2.0",
        "@lezer/highlight": "^1.1.3",
        "@lezer/lr": "^1.3.0"
      }
    },
    "node_modules/@lezer/lr": {
      "version": "1.4.11",
      "resolved": "https://registry.npmjs.org/@lezer/lr/-/lr-1.4.11.tgz",
      "integrity": "sha512-UwgZcl1R66H2hDzBrA7kWyYmX6s8p5TQ+e/t7CuvgCtBEPxbEPaHYHu+pJBvTvDotEJpuQkJjbXuHiw5Cixxgw==",
      "license": "MIT",
      "peer": true,
      "dependencies": {
        "@lezer/common": "^1.0.0"
      }
    },
    "node_modules/@marijn/find-cluster-break": {
      "version": "1.0.4",
      "resolved": "https://registry.npmjs.org/@marijn/find-cluster-break/-/find-cluster-break-1.0.4.tgz",
      "integrity": "sha512-Wy0V7+SGUjnF9/TkiM1hKVDPj7jKXduPNboMVtHTA8dySMURWqfg/JZ9E2Sq8JgSJmkl7k7Qe9FLeMSrSraWmQ==",
      "license": "MIT",
      "peer": true
    },
    "node_modules/@polyspec/template": {
      "version": "0.0.4",
      "resolved": "file:polyspec-template-npm-0.0.4.tgz",
      "license": "MIT",
      "bin": {
        "template": "bin/template.mjs"
      },
      "engines": {
        "node": ">=26"
      }
    },
    "node_modules/@polyspec/template-codemirror": {
      "version": "0.0.4",
      "resolved": "file:polyspec-template-codemirror-npm-0.0.4.tgz",
      "license": "MIT",
      "dependencies": {
        "@polyspec/template-language": "0.0.4"
      },
      "engines": {
        "node": ">=26"
      },
      "peerDependencies": {
        "@codemirror/commands": "^6.11.1",
        "@codemirror/lang-html": "^6.4.12",
        "@codemirror/language": "^6.12.4",
        "@codemirror/lint": "^6.9.7",
        "@codemirror/state": "^6.7.6",
        "@codemirror/view": "^6.43.13"
      }
    },
    "node_modules/@polyspec/template-compiler": {
      "version": "0.0.4",
      "resolved": "file:polyspec-template-compiler-npm-0.0.4.tgz",
      "license": "MIT",
      "dependencies": {
        "@polyspec/template": "0.0.4"
      },
      "engines": {
        "node": ">=26"
      }
    },
    "node_modules/@polyspec/template-language": {
      "version": "0.0.4",
      "resolved": "file:polyspec-template-language-npm-0.0.4.tgz",
      "license": "MIT",
      "dependencies": {
        "@polyspec/template": "0.0.4"
      },
      "bin": {
        "template-fmt": "bin/template-fmt.mjs"
      },
      "engines": {
        "node": ">=26"
      }
    },
    "node_modules/@polyspec/template-lsp": {
      "version": "0.0.4",
      "resolved": "file:polyspec-template-lsp-npm-0.0.4.tgz",
      "license": "MIT",
      "dependencies": {
        "@polyspec/template-language": "0.0.4",
        "vscode-languageserver": "^10.1.2",
        "vscode-languageserver-textdocument": "^1.0.15"
      },
      "bin": {
        "template-lsp": "bin/template-lsp.mjs"
      },
      "engines": {
        "node": ">=26"
      }
    },
    "node_modules/crelt": {
      "version": "1.0.7",
      "resolved": "https://registry.npmjs.org/crelt/-/crelt-1.0.7.tgz",
      "integrity": "sha512-aK6BbWfhf4U/wCcLHKPJl/xa6VkVstRaPywWtMKGwuOLc/wZTyQYuoxgvZnNsBvv7Kg3YTBQYYBCggcviQczuA==",
      "license": "MIT",
      "peer": true
    },
    "node_modules/style-mod": {
      "version": "4.1.4",
      "resolved": "https://registry.npmjs.org/style-mod/-/style-mod-4.1.4.tgz",
      "integrity": "sha512-XXWIQt633/EpAFx8aZDOTjBzrCaGmhvEQlQo6MVPfa2OzO2cWo+4hV9h+6UkHYlXGfy+ODXKUdP7Pthmcu5ATw==",
      "license": "MIT",
      "peer": true
    },
    "node_modules/vscode-jsonrpc": {
      "version": "9.0.3",
      "resolved": "https://registry.npmjs.org/vscode-jsonrpc/-/vscode-jsonrpc-9.0.3.tgz",
      "integrity": "sha512-qETYf9PCl1lVfwR+oBmMfc4vP2nqLNA35ABxorw3j06+xlKRgDVxbLgKm4Y/xPL0YWdeDjLoI4ImICIT3nB0zQ==",
      "license": "MIT",
      "engines": {
        "node": ">=14.0.0"
      }
    },
    "node_modules/vscode-languageserver": {
      "version": "10.1.2",
      "resolved": "https://registry.npmjs.org/vscode-languageserver/-/vscode-languageserver-10.1.2.tgz",
      "integrity": "sha512-pXPWde3RytdeBVEs6PulOOT5OpeXC5GkWRpcT11f5rNn41jviQsAYPyAqJ/0oVGETQLKPJtYbHNiMPlfLb0NTQ==",
      "license": "MIT",
      "dependencies": {
        "vscode-languageserver-protocol": "3.18.4"
      },
      "bin": {
        "installServerIntoExtension": "bin/installServerIntoExtension"
      }
    },
    "node_modules/vscode-languageserver-protocol": {
      "version": "3.18.4",
      "resolved": "https://registry.npmjs.org/vscode-languageserver-protocol/-/vscode-languageserver-protocol-3.18.4.tgz",
      "integrity": "sha512-CCXbyr99dafRJzJH/0Ryk7ly5T8XPmSR0//OuF2w4m+9JiOin7zcAT5iET8GRE7Z9taFBejb3GbM0a0mbjdbrg==",
      "license": "MIT",
      "dependencies": {
        "vscode-jsonrpc": "9.0.3",
        "vscode-languageserver-types": "3.18.4"
      }
    },
    "node_modules/vscode-languageserver-textdocument": {
      "version": "1.0.15",
      "resolved": "https://registry.npmjs.org/vscode-languageserver-textdocument/-/vscode-languageserver-textdocument-1.0.15.tgz",
      "integrity": "sha512-Gsfr9S8LU3S6885cS+NaleasJ0n3V5y/SOTqHCifQiXWFw3G9w9/YItDfwHrlCz+dSZWWZ8ilYVMcJe7Sz7Sxw==",
      "license": "MIT"
    },
    "node_modules/vscode-languageserver-types": {
      "version": "3.18.4",
      "resolved": "https://registry.npmjs.org/vscode-languageserver-types/-/vscode-languageserver-types-3.18.4.tgz",
      "integrity": "sha512-nQsacoiijvl0fRf2q28uFDrAVwRhdCa3QveiF7/CX0r18mLR5FU/1WskSsCKOjmEbtteKUnY8x8Yzxop+k0zwg==",
      "license": "MIT"
    },
    "node_modules/w3c-keyname": {
      "version": "2.2.8",
      "resolved": "https://registry.npmjs.org/w3c-keyname/-/w3c-keyname-2.2.8.tgz",
      "integrity": "sha512-dpojBhNsCNN7T82Tm7k26A6G9ML3NkhDsnw9n/eoxSRlVBB4CEtIQ/KTCLI2Fwf3ataSXRhYFkQi3SlnFwPvPQ==",
      "license": "MIT",
      "peer": true
    }
  }
}
